{
  "name": "mq-bridge-ros2",
  "version": "0.1.5",
  "lockfileVersion": 3,
  "requires": true,
  "packages": {
    "": {
      "name": "mq-bridge-ros2",
      "version": "0.1.5",
      "license": "MIT",
      "devDependencies": {
        "mq-bridge": "0.4.19"
      },
      "engines": {
        "node": ">=18"
      },
      "peerDependencies": {
        "mq-bridge": ">=0.4.19 <0.5.0"
      }
    },
    "node_modules/mq-bridge": {
      "version": "0.4.19",
      "resolved": "https://registry.npmjs.org/mq-bridge/-/mq-bridge-0.4.19.tgz",
      "integrity": "sha512-PG80DXI+74eLWdYEbAjUbwn79KuLbap/C9k4oLc6llAFyIXEZKDxAcKYFs1yOkdEPQ/gFIXQp11kgg9xxpz4yA==",
      "dev": true,
      "license": "MIT",
      "bin": {
        "mq-bridge-package-plugin": "plugin-packaging.mjs"
      },
      "engines": {
        "node": ">=18"
      },
      "optionalDependencies": {
        "mq-bridge-darwin-arm64": "0.4.19",
        "mq-bridge-darwin-x64": "0.4.19",
        "mq-bridge-linux-arm64-gnu": "0.4.19",
        "mq-bridge-linux-x64-gnu": "0.4.19",
        "mq-bridge-win32-x64-msvc": "0.4.19"
      }
    },
    "node_modules/mq-bridge-darwin-arm64": {
      "version": "0.4.19",
      "resolved": "https://registry.npmjs.org/mq-bridge-darwin-arm64/-/mq-bridge-darwin-arm64-0.4.19.tgz",
      "integrity": "sha512-nmXnMCOfUFm9kROhu6Rt2oS+HKgpZz9N4Gu5cLcVSleQerciZjXKLXUrEIYhaLHKN4QwMY9aWchAJlMKSvhBIA==",
      "cpu": [
        "arm64"
      ],
      "dev": true,
      "license": "MIT",
      "optional": true,
      "os": [
        "darwin"
      ],
      "engines": {
        "node": ">=18"
      }
    },
    "node_modules/mq-bridge-darwin-x64": {
      "version": "0.4.19",
      "resolved": "https://registry.npmjs.org/mq-bridge-darwin-x64/-/mq-bridge-darwin-x64-0.4.19.tgz",
      "integrity": "sha512-deUoRhECPo+IMgL2jjnP9z7voQhq51dn2U9E/UulkNG89w4rC5leekxbuqM+222AwI0YxdkSrpD9yXLyhY8NJw==",
      "cpu": [
        "x64"
      ],
      "dev": true,
      "license": "MIT",
      "optional": true,
      "os": [
        "darwin"
      ],
      "engines": {
        "node": ">=18"
      }
    },
    "node_modules/mq-bridge-linux-arm64-gnu": {
      "version": "0.4.19",
      "resolved": "https://registry.npmjs.org/mq-bridge-linux-arm64-gnu/-/mq-bridge-linux-arm64-gnu-0.4.19.tgz",
      "integrity": "sha512-IpaZFDlg4vJve+1crIgmtEGSVhR8m2r7HNaJOOMP1o85MT4btpb4WsoDKmOW7ZtuVIfSPhNcucmluMKB9SGwiQ==",
      "cpu": [
        "arm64"
      ],
      "dev": true,
      "libc": [
        "glibc"
      ],
      "license": "MIT",
      "optional": true,
      "os": [
        "linux"
      ],
      "engines": {
        "node": ">=18"
      }
    },
    "node_modules/mq-bridge-linux-x64-gnu": {
      "version": "0.4.19",
      "resolved": "https://registry.npmjs.org/mq-bridge-linux-x64-gnu/-/mq-bridge-linux-x64-gnu-0.4.19.tgz",
      "integrity": "sha512-BuiU+ObYMlKKEYUGa+XXyl2qRpn8BGhNXqMEYIyHoW4CFAHMbUKCcWOWn5onSFhykBuWqaLqfG4GmKKwkg9TKQ==",
      "cpu": [
        "x64"
      ],
      "dev": true,
      "libc": [
        "glibc"
      ],
      "license": "MIT",
      "optional": true,
      "os": [
        "linux"
      ],
      "engines": {
        "node": ">=18"
      }
    },
    "node_modules/mq-bridge-win32-x64-msvc": {
      "version": "0.4.19",
      "resolved": "https://registry.npmjs.org/mq-bridge-win32-x64-msvc/-/mq-bridge-win32-x64-msvc-0.4.19.tgz",
      "integrity": "sha512-VTrvwwCQPRkvoLcsfU78nq6GoLIXOxs202Ybg7pxllOvEz8jrBuHZ5PAYwl0SSGIER2a1J3vBEp1FaRg3Y9h0Q==",
      "cpu": [
        "x64"
      ],
      "dev": true,
      "license": "MIT",
      "optional": true,
      "os": [
        "win32"
      ],
      "engines": {
        "node": ">=18"
      }
    }
  }
}
